
Microsoft Visual Studio Solution File, Format Version 12.00
# Visual Studio Version 17
VisualStudioVersion = 17.4.33213.308
MinimumVisualStudioVersion = 10.0.40219.1
Project("{2150E333-8FDC-42A3-9474-1A3956D46DE8}") = "WebUI", "WebUI", "{3A4D6A54-3DFB-4376-9AE8-59CF83C2EDE3}"
EndProject
Project("{2150E333-8FDC-42A3-9474-1A3956D46DE8}") = "Aggregator", "Aggregator", "{AA1DE314-5CD9-4926-852E-A405391A9266}"
EndProject
Project("{2150E333-8FDC-42A3-9474-1A3956D46DE8}") = "ToDoList", "ToDoList", "{66BD651C-3AF1-4909-A86D-170076F8F4C2}"
EndProject
Project("{9A19103F-16F7-4668-BE54-9A1E7A4F7556}") = "OcelotApiGw", "Aggregator\OcelotApiGw\OcelotApiGw.csproj", "{CA9D0BBC-06F2-4FA4-8349-3062175B4AA5}"
EndProject
Project("{2150E333-8FDC-42A3-9474-1A3956D46DE8}") = "Services", "Services", "{433B030E-C0F3-4B50-B05C-089252A1A493}"
EndProject
Project("{9A19103F-16F7-4668-BE54-9A1E7A4F7556}") = "ToDoList.API", "Services\ToDoList\ToDoList.API\ToDoList.API.csproj", "{8ACDDD8A-0DA4-46DD-B6DB-0F9E7B1546B5}"
EndProject
Project("{9A19103F-16F7-4668-BE54-9A1E7A4F7556}") = "ToDoList.Application", "Services\ToDoList\ToDoList.Application\ToDoList.Application.csproj", "{352889A0-E3BC-4EE1-B7F1-629738AEC7B1}"
EndProject
Project("{9A19103F-16F7-4668-BE54-9A1E7A4F7556}") = "ToDoList.Domain", "Services\ToDoList\ToDoList.Domain\ToDoList.Domain.csproj", "{471C2396-47E2-4366-B8FE-3808280CE40E}"
EndProject
Project("{9A19103F-16F7-4668-BE54-9A1E7A4F7556}") = "ToDoList.Infrastructure", "Services\ToDoList\ToDoList.Infrastructure\ToDoList.Infrastructure.csproj", "{8A93BF0B-2E1A-4118-96AB-6586F7E5F4BE}"
EndProject
Project("{2150E333-8FDC-42A3-9474-1A3956D46DE8}") = "ToDoList.ReminderService", "ToDoList.ReminderService", "{F23B3953-6CAC-4A51-B834-1A4099B3DD2E}"
EndProject
Project("{9A19103F-16F7-4668-BE54-9A1E7A4F7556}") = "ToDoList.ReminderWorker", "Services\ToDoList.ReminderWorker\ToDoList.ReminderWorker.csproj", "{A59FB274-CAFA-433E-A59F-CD5B5D6602A8}"
EndProject
Project("{9A19103F-16F7-4668-BE54-9A1E7A4F7556}") = "Configuration", "Infrastructure\Configuration\Configuration.csproj", "{B3B56DE5-887A-4017-AAAA-1D99B238B7FA}"
EndProject
Project("{2150E333-8FDC-42A3-9474-1A3956D46DE8}") = "Infrastructure", "Infrastructure", "{B00E06F7-F719-41E0-8B5F-2E7D6B3E0EA6}"
EndProject
Project("{9A19103F-16F7-4668-BE54-9A1E7A4F7556}") = "EventBus.Messages", "Infrastructure\EventBus.Messages\EventBus.Messages.csproj", "{ADC8634C-A7A6-4DB1-8C13-9179792E6E3A}"
EndProject
Project("{E53339B2-1760-4266-BCC7-CA923CBCF16C}") = "docker-compose", "docker-compose.dcproj", "{29789AB9-13F0-4FC7-93CD-F52B4A477CCF}"
EndProject
Project("{2150E333-8FDC-42A3-9474-1A3956D46DE8}") = "Chat.Server", "Chat.Server", "{8F817352-A554-453D-B340-0BC58FFCC780}"
EndProject
Project("{FAE04EC0-301F-11D3-BF4B-00C04F79EFBC}") = "Chat.Server", "Services\Chat.Server\Chat.Server\Chat.Server.csproj", "{416290F6-96C5-456C-9149-3D07CBCDEED9}"
EndProject
Global
	GlobalSection(SolutionConfigurationPlatforms) = preSolution
		Debug|Any CPU = Debug|Any CPU
		Release|Any CPU = Release|Any CPU
	EndGlobalSection
	GlobalSection(ProjectConfigurationPlatforms) = postSolution
		{CA9D0BBC-06F2-4FA4-8349-3062175B4AA5}.Debug|Any CPU.ActiveCfg = Debug|Any CPU
		{CA9D0BBC-06F2-4FA4-8349-3062175B4AA5}.Debug|Any CPU.Build.0 = Debug|Any CPU
		{CA9D0BBC-06F2-4FA4-8349-3062175B4AA5}.Release|Any CPU.ActiveCfg = Release|Any CPU
		{CA9D0BBC-06F2-4FA4-8349-3062175B4AA5}.Release|Any CPU.Build.0 = Release|Any CPU
		{8ACDDD8A-0DA4-46DD-B6DB-0F9E7B1546B5}.Debug|Any CPU.ActiveCfg = Debug|Any CPU
		{8ACDDD8A-0DA4-46DD-B6DB-0F9E7B1546B5}.Debug|Any CPU.Build.0 = Debug|Any CPU
		{8ACDDD8A-0DA4-46DD-B6DB-0F9E7B1546B5}.Release|Any CPU.ActiveCfg = Release|Any CPU
		{8ACDDD8A-0DA4-46DD-B6DB-0F9E7B1546B5}.Release|Any CPU.Build.0 = Release|Any CPU
		{352889A0-E3BC-4EE1-B7F1-629738AEC7B1}.Debug|Any CPU.ActiveCfg = Debug|Any CPU
		{352889A0-E3BC-4EE1-B7F1-629738AEC7B1}.Debug|Any CPU.Build.0 = Debug|Any CPU
		{352889A0-E3BC-4EE1-B7F1-629738AEC7B1}.Release|Any CPU.ActiveCfg = Release|Any CPU
		{352889A0-E3BC-4EE1-B7F1-629738AEC7B1}.Release|Any CPU.Build.0 = Release|Any CPU
		{471C2396-47E2-4366-B8FE-3808280CE40E}.Debug|Any CPU.ActiveCfg = Debug|Any CPU
		{471C2396-47E2-4366-B8FE-3808280CE40E}.Debug|Any CPU.Build.0 = Debug|Any CPU
		{471C2396-47E2-4366-B8FE-3808280CE40E}.Release|Any CPU.ActiveCfg = Release|Any CPU
		{471C2396-47E2-4366-B8FE-3808280CE40E}.Release|Any CPU.Build.0 = Release|Any CPU
		{8A93BF0B-2E1A-4118-96AB-6586F7E5F4BE}.Debug|Any CPU.ActiveCfg = Debug|Any CPU
		{8A93BF0B-2E1A-4118-96AB-6586F7E5F4BE}.Debug|Any CPU.Build.0 = Debug|Any CPU
		{8A93BF0B-2E1A-4118-96AB-6586F7E5F4BE}.Release|Any CPU.ActiveCfg = Release|Any CPU
		{8A93BF0B-2E1A-4118-96AB-6586F7E5F4BE}.Release|Any CPU.Build.0 = Release|Any CPU
		{A59FB274-CAFA-433E-A59F-CD5B5D6602A8}.Debug|Any CPU.ActiveCfg = Debug|Any CPU
		{A59FB274-CAFA-433E-A59F-CD5B5D6602A8}.Debug|Any CPU.Build.0 = Debug|Any CPU
		{A59FB274-CAFA-433E-A59F-CD5B5D6602A8}.Release|Any CPU.ActiveCfg = Release|Any CPU
		{A59FB274-CAFA-433E-A59F-CD5B5D6602A8}.Release|Any CPU.Build.0 = Release|Any CPU
		{B3B56DE5-887A-4017-AAAA-1D99B238B7FA}.Debug|Any CPU.ActiveCfg = Debug|Any CPU
		{B3B56DE5-887A-4017-AAAA-1D99B238B7FA}.Debug|Any CPU.Build.0 = Debug|Any CPU
		{B3B56DE5-887A-4017-AAAA-1D99B238B7FA}.Release|Any CPU.ActiveCfg = Release|Any CPU
		{B3B56DE5-887A-4017-AAAA-1D99B238B7FA}.Release|Any CPU.Build.0 = Release|Any CPU
		{ADC8634C-A7A6-4DB1-8C13-9179792E6E3A}.Debug|Any CPU.ActiveCfg = Debug|Any CPU
		{ADC8634C-A7A6-4DB1-8C13-9179792E6E3A}.Debug|Any CPU.Build.0 = Debug|Any CPU
		{ADC8634C-A7A6-4DB1-8C13-9179792E6E3A}.Release|Any CPU.ActiveCfg = Release|Any CPU
		{ADC8634C-A7A6-4DB1-8C13-9179792E6E3A}.Release|Any CPU.Build.0 = Release|Any CPU
		{29789AB9-13F0-4FC7-93CD-F52B4A477CCF}.Debug|Any CPU.ActiveCfg = Debug|Any CPU
		{29789AB9-13F0-4FC7-93CD-F52B4A477CCF}.Debug|Any CPU.Build.0 = Debug|Any CPU
		{29789AB9-13F0-4FC7-93CD-F52B4A477CCF}.Release|Any CPU.ActiveCfg = Release|Any CPU
		{29789AB9-13F0-4FC7-93CD-F52B4A477CCF}.Release|Any CPU.Build.0 = Release|Any CPU
		{416290F6-96C5-456C-9149-3D07CBCDEED9}.Debug|Any CPU.ActiveCfg = Debug|Any CPU
		{416290F6-96C5-456C-9149-3D07CBCDEED9}.Debug|Any CPU.Build.0 = Debug|Any CPU
		{416290F6-96C5-456C-9149-3D07CBCDEED9}.Release|Any CPU.ActiveCfg = Release|Any CPU
		{416290F6-96C5-456C-9149-3D07CBCDEED9}.Release|Any CPU.Build.0 = Release|Any CPU
	EndGlobalSection
	GlobalSection(SolutionProperties) = preSolution
		HideSolutionNode = FALSE
	EndGlobalSection
	GlobalSection(NestedProjects) = preSolution
		{66BD651C-3AF1-4909-A86D-170076F8F4C2} = {433B030E-C0F3-4B50-B05C-089252A1A493}
		{CA9D0BBC-06F2-4FA4-8349-3062175B4AA5} = {AA1DE314-5CD9-4926-852E-A405391A9266}
		{8ACDDD8A-0DA4-46DD-B6DB-0F9E7B1546B5} = {66BD651C-3AF1-4909-A86D-170076F8F4C2}
		{352889A0-E3BC-4EE1-B7F1-629738AEC7B1} = {66BD651C-3AF1-4909-A86D-170076F8F4C2}
		{471C2396-47E2-4366-B8FE-3808280CE40E} = {66BD651C-3AF1-4909-A86D-170076F8F4C2}
		{8A93BF0B-2E1A-4118-96AB-6586F7E5F4BE} = {66BD651C-3AF1-4909-A86D-170076F8F4C2}
		{F23B3953-6CAC-4A51-B834-1A4099B3DD2E} = {433B030E-C0F3-4B50-B05C-089252A1A493}
		{A59FB274-CAFA-433E-A59F-CD5B5D6602A8} = {F23B3953-6CAC-4A51-B834-1A4099B3DD2E}
		{B3B56DE5-887A-4017-AAAA-1D99B238B7FA} = {B00E06F7-F719-41E0-8B5F-2E7D6B3E0EA6}
		{ADC8634C-A7A6-4DB1-8C13-9179792E6E3A} = {B00E06F7-F719-41E0-8B5F-2E7D6B3E0EA6}
		{8F817352-A554-453D-B340-0BC58FFCC780} = {433B030E-C0F3-4B50-B05C-089252A1A493}
		{416290F6-96C5-456C-9149-3D07CBCDEED9} = {8F817352-A554-453D-B340-0BC58FFCC780}
	EndGlobalSection
	GlobalSection(ExtensibilityGlobals) = postSolution
		SolutionGuid = {8256053D-5974-45BE-AE9D-173D9A0D6DFB}
	EndGlobalSection
EndGlobal
